{
  "nodes": {
    "brew-src": {
      "flake": false,
      "locked": {
        "lastModified": 1763638478,
        "narHash": "sha256-n/IMowE9S23ovmTkKX7KhxXC2Yq41EAVFR2FBIXPcT8=",
        "owner": "Homebrew",
        "repo": "brew",
        "rev": "fbfdbaba008189499958a7aeb1e2c36ab10c067d",
        "type": "github"
      },
      "original": {
        "owner": "Homebrew",
        "ref": "5.0.3",
        "repo": "brew",
        "type": "github"
      }
    },
    "home-manager-stable": {
      "inputs": {
        "nixpkgs": [
          "nixpkgs-stable"
        ]
      },
      "locked": {
        "lastModified": 1766939458,
        "narHash": "sha256-VvZeAKyB3vhyHStSO8ACKzWRKNQPmVWktjfuSVdvtUA=",
        "owner": "nix-community",
        "repo": "home-manager",
        "rev": "e298a148013c980e3c8c0ac075295fab5074d643",
        "type": "github"
      },
      "original": {
        "owner": "nix-community",
        "ref": "release-25.11",
        "repo": "home-manager",
        "type": "github"
      }
    },
    "home-manager-unstable": {
      "inputs": {
        "nixpkgs": [
          "nixpkgs-unstable"
        ]
      },
      "locked": {
        "lastModified": 1766969492,
        "narHash": "sha256-TbvCOhB4ziljUQUOkqYAtKM0H4XJTR/1UQEB2n+NL4s=",
        "owner": "nix-community",
        "repo": "home-manager",
        "rev": "9d32c214dbdd66fff881d0d3aad91bde282bd37b",
        "type": "github"
      },
      "original": {
        "owner": "nix-community",
        "ref": "master",
        "repo": "home-manager",
        "type": "github"
      }
    },
    "homebrew-cask": {
      "flake": false,
      "locked": {
        "lastModified": 1766973970,
        "narHash": "sha256-c8I4UYMi/jHuKkAIqQAKaTImqjicLd75N/RrfQNYy2I=",
        "owner": "Homebrew",
        "repo": "homebrew-cask",
        "rev": "703e00893ddbf23316a3d7a5cef73063ce71e9e5",
        "type": "github"
      },
      "original": {
        "owner": "Homebrew",
        "repo": "homebrew-cask",
        "type": "github"
      }
    },
    "homebrew-core": {
      "flake": false,
      "locked": {
        "lastModified": 1766978779,
        "narHash": "sha256-msjtfMjcPN9VbklzzOo/WbvTqhKYzlPEazNaHvUUJ/s=",
        "owner": "homebrew",
        "repo": "homebrew-core",
        "rev": "309b03b99057de9a9dd3f0fcaa1af71fb4cf939c",
        "type": "github"
      },
      "original": {
        "owner": "homebrew",
        "repo": "homebrew-core",
        "type": "github"
      }
    },
    "nix-darwin-stable": {
      "inputs": {
        "nixpkgs": [
          "nixpkgs-stable"
        ]
      },
      "locked": {
        "lastModified": 1765066094,
        "narHash": "sha256-0YSU35gfRFJzx/lTGgOt6ubP8K6LeW0vaywzNNqxkl4=",
        "owner": "LnL7",
        "repo": "nix-darwin",
        "rev": "688427b1aab9afb478ca07989dc754fa543e03d5",
        "type": "github"
      },
      "original": {
        "owner": "LnL7",
        "ref": "nix-darwin-25.11",
        "repo": "nix-darwin",
        "type": "github"
      }
    },
    "nix-darwin-unstable": {
      "inputs": {
        "nixpkgs": [
          "nixpkgs-unstable"
        ]
      },
      "locked": {
        "lastModified": 1765066094,
        "narHash": "sha256-0YSU35gfRFJzx/lTGgOt6ubP8K6LeW0vaywzNNqxkl4=",
        "owner": "LnL7",
        "repo": "nix-darwin",
        "rev": "688427b1aab9afb478ca07989dc754fa543e03d5",
        "type": "github"
      },
      "original": {
        "owner": "LnL7",
        "ref": "nix-darwin-25.11",
        "repo": "nix-darwin",
        "type": "github"
      }
    },
    "nix-homebrew": {
      "inputs": {
        "brew-src": "brew-src"
      },
      "locked": {
        "lastModified": 1764473698,
        "narHash": "sha256-C91gPgv6udN5WuIZWNehp8qdLqlrzX6iF/YyboOj6XI=",
        "owner": "zhaofengli-wip",
        "repo": "nix-homebrew",
        "rev": "6a8ab60bfd66154feeaa1021fc3b32684814a62a",
        "type": "github"
      },
      "original": {
        "owner": "zhaofengli-wip",
        "repo": "nix-homebrew",
        "type": "github"
      }
    },
    "nixpkgs-stable": {
      "locked": {
        "lastModified": 1766975861,
        "narHash": "sha256-5Xi4aKMqboSm8c73LGIprSIeYIPeCZbQVKHoFqajgWQ=",
        "owner": "NixOS",
        "repo": "nixpkgs",
        "rev": "8b031808ccab0a5565192babc8c133e1785d1ec9",
        "type": "github"
      },
      "original": {
        "owner": "NixOS",
        "ref": "release-25.11",
        "repo": "nixpkgs",
        "type": "github"
      }
    },
    "nixpkgs-unstable": {
      "locked": {
        "lastModified": 1766977237,
        "narHash": "sha256-NWxfCtufOiAvvt5vViBv7+QcnnIq9p7NQM91bFJ+iBo=",
        "owner": "NixOS",
        "repo": "nixpkgs",
        "rev": "2e53af4cffb02380954b172e41bbe0bedec45bad",
        "type": "github"
      },
      "original": {
        "owner": "NixOS",
        "ref": "master",
        "repo": "nixpkgs",
        "type": "github"
      }
    },
    "root": {
      "inputs": {
        "home-manager-stable": "home-manager-stable",
        "home-manager-unstable": "home-manager-unstable",
        "homebrew-cask": "homebrew-cask",
        "homebrew-core": "homebrew-core",
        "nix-darwin-stable": "nix-darwin-stable",
        "nix-darwin-unstable": "nix-darwin-unstable",
        "nix-homebrew": "nix-homebrew",
        "nixpkgs-stable": "nixpkgs-stable",
        "nixpkgs-unstable": "nixpkgs-unstable"
      }
    }
  },
  "root": "root",
  "version": 7
}
